version = 1
requires-python = ">=3.13"

[[package]]
name = "certifi"
version = "2026.5.20"
source = { registry = "https://pypi.org/simple" }
sdist = { url = "https://files.pythonhosted.org/packages/f3/ce/ee2ecad540810a79593028e88299baeae54d346cc7a0d94b6199988b89b1/certifi-2026.5.20.tar.gz", hash = "sha256:69dea482ab64caa7b9f6aba1c6bf48bb6a5448d1c0f1b17ab42ad8c763a5344d", size = 135422 }
wheels = [
    { url = "https://files.pythonhosted.org/packages/59/8c/57e832b7af6d7c5abe66eb3fbe3a3a32f4d11ea23a1aa7131371035be991/certifi-2026.5.20-py3-none-any.whl", hash = "sha256:3c52e209ba0a4ad7aebe60436a4ab349c39e1e602e8c134221e546902ad25897", size = 134134 },
]

[[package]]
name = "charset-normalizer"
version = "3.4.7"
source = { registry = "https://pypi.org/simple" }
sdist = { url = "https://files.pythonhosted.org/packages/e7/a1/67fe25fac3c7642725500a3f6cfe5821ad557c3abb11c9d20d12c7008d3e/charset_normalizer-3.4.7.tar.gz", hash = "sha256:ae89db9e5f98a11a4bf50407d4363e7b09b31e55bc117b4f7d80aab97ba009e5", size = 144271 }
wheels = [
    { url = "https://files.pythonhosted.org/packages/c1/3b/66777e39d3ae1ddc77ee606be4ec6d8cbd4c801f65e5a1b6f2b11b8346dd/charset_normalizer-3.4.7-cp313-cp313-macosx_10_13_universal2.whl", hash = "sha256:f496c9c3cc02230093d8330875c4c3cdfc3b73612a5fd921c65d39cbcef08063", size = 309627 },
    { url = "https://files.pythonhosted.org/packages/2e/4e/b7f84e617b4854ade48a1b7915c8ccfadeba444d2a18c291f696e37f0d3b/charset_normalizer-3.4.7-cp313-cp313-manylinux2014_aarch64.manylinux_2_17_aarch64.manylinux_2_28_aarch64.whl", hash = "sha256:0ea948db76d31190bf08bd371623927ee1339d5f2a0b4b1b4a4439a65298703c", size = 207008 },
    { url = "https://files.pythonhosted.org/packages/c4/bb/ec73c0257c9e11b268f018f068f5d00aa0ef8c8b09f7753ebd5f2880e248/charset_normalizer-3.4.7-cp313-cp313-manylinux2014_ppc64le.manylinux_2_17_ppc64le.manylinux_2_28_ppc64le.whl", hash = "sha256:a277ab8928b9f299723bc1a2dabb1265911b1a76341f90a510368ca44ad9ab66", size = 228303 },
    { url = "https://files.pythonhosted.org/packages/85/fb/32d1f5033484494619f701e719429c69b766bfc4dbc61aa9e9c8c166528b/charset_normalizer-3.4.7-cp313-cp313-manylinux2014_s390x.manylinux_2_17_s390x.manylinux_2_28_s390x.whl", hash = "sha256:3bec022aec2c514d9cf199522a802bd007cd588ab17ab2525f20f9c34d067c18", size = 224282 },
    { url = "https://files.pythonhosted.org/packages/fa/07/330e3a0dda4c404d6da83b327270906e9654a24f6c546dc886a0eb0ffb23/charset_normalizer-3.4.7-cp313-cp313-manylinux2014_x86_64.manylinux_2_17_x86_64.manylinux_2_28_x86_64.whl", hash = "sha256:e044c39e41b92c845bc815e5ae4230804e8e7bc29e399b0437d64222d92809dd", size = 215595 },
    { url = "https://files.pythonhosted.org/packages/e3/7c/fc890655786e423f02556e0216d4b8c6bcb6bdfa890160dc66bf52dee468/charset_normalizer-3.4.7-cp313-cp313-manylinux_2_31_armv7l.whl", hash = "sha256:f495a1652cf3fbab2eb0639776dad966c2fb874d79d87ca07f9d5f059b8bd215", size = 201986 },
    { url = "https://files.pythonhosted.org/packages/d8/97/bfb18b3db2aed3b90cf54dc292ad79fdd5ad65c4eae454099475cbeadd0d/charset_normalizer-3.4.7-cp313-cp313-manylinux_2_31_riscv64.manylinux_2_39_riscv64.whl", hash = "sha256:e712b419df8ba5e42b226c510472b37bd57b38e897d3eca5e8cfd410a29fa859", size = 211711 },
    { url = "https://files.pythonhosted.org/packages/6f/a5/a581c13798546a7fd557c82614a5c65a13df2157e9ad6373166d2a3e645d/charset_normalizer-3.4.7-cp313-cp313-musllinux_1_2_aarch64.whl", hash = "sha256:7804338df6fcc08105c7745f1502ba68d900f45fd770d5bdd5288ddccb8a42d8", size = 210036 },
    { url = "https://files.pythonhosted.org/packages/8c/bf/b3ab5bcb478e4193d517644b0fb2bf5497fbceeaa7a1bc0f4d5b50953861/charset_normalizer-3.4.7-cp313-cp313-musllinux_1_2_armv7l.whl", hash = "sha256:481551899c856c704d58119b5025793fa6730adda3571971af568f66d2424bb5", size = 202998 },
    { url = "https://files.pythonhosted.org/packages/e7/4e/23efd79b65d314fa320ec6017b4b5834d5c12a58ba4610aa353af2e2f577/charset_normalizer-3.4.7-cp313-cp313-musllinux_1_2_ppc64le.whl", hash = "sha256:f59099f9b66f0d7145115e6f80dd8b1d847176df89b234a5a6b3f00437aa0832", size = 230056 },
    { url = "https://files.pythonhosted.org/packages/b9/9f/1e1941bc3f0e01df116e68dc37a55c4d249df5e6fa77f008841aef68264f/charset_normalizer-3.4.7-cp313-cp313-musllinux_1_2_riscv64.whl", hash = "sha256:f59ad4c0e8f6bba240a9bb85504faa1ab438237199d4cce5f622761507b8f6a6", size = 211537 },
    { url = "https://files.pythonhosted.org/packages/80/0f/088cbb3020d44428964a6c97fe1edfb1b9550396bf6d278330281e8b709c/charset_normalizer-3.4.7-cp313-cp313-musllinux_1_2_s390x.whl", hash = "sha256:3dedcc22d73ec993f42055eff4fcfed9318d1eeb9a6606c55892a26964964e48", size = 226176 },
    { url = "https://files.pythonhosted.org/packages/6a/9f/130394f9bbe06f4f63e22641d32fc9b202b7e251c9aef4db044324dac493/charset_normalizer-3.4.7-cp313-cp313-musllinux_1_2_x86_64.whl", hash = "sha256:64f02c6841d7d83f832cd97ccf8eb8a906d06eb95d5276069175c696b024b60a", size = 217723 },
    { url = "https://files.pythonhosted.org/packages/73/55/c469897448a06e49f8fa03f6caae97074fde823f432a98f979cc42b90e69/charset_normalizer-3.4.7-cp313-cp313-win32.whl", hash = "sha256:4042d5c8f957e15221d423ba781e85d553722fc4113f523f2feb7b188cc34c5e", size = 148085 },
    { url = "https://files.pythonhosted.org/packages/5d/78/1b74c5bbb3f99b77a1715c91b3e0b5bdb6fe302d95ace4f5b1bec37b0167/charset_normalizer-3.4.7-cp313-cp313-win_amd64.whl", hash = "sha256:3946fa46a0cf3e4c8cb1cc52f56bb536310d34f25f01ca9b6c16afa767dab110", size = 158819 },
    { url = "https://files.pythonhosted.org/packages/68/86/46bd42279d323deb8687c4a5a811fd548cb7d1de10cf6535d099877a9a9f/charset_normalizer-3.4.7-cp313-cp313-win_arm64.whl", hash = "sha256:80d04837f55fc81da168b98de4f4b797ef007fc8a79ab71c6ec9bc4dd662b15b", size = 147915 },
    { url = "https://files.pythonhosted.org/packages/97/c8/c67cb8c70e19ef1960b97b22ed2a1567711de46c4ddf19799923adc836c2/charset_normalizer-3.4.7-cp314-cp314-macosx_10_15_universal2.whl", hash = "sha256:c36c333c39be2dbca264d7803333c896ab8fa7d4d6f0ab7edb7dfd7aea6e98c0", size = 309234 },
    { url = "https://files.pythonhosted.org/packages/99/85/c091fdee33f20de70d6c8b522743b6f831a2f1cd3ff86de4c6a827c48a76/charset_normalizer-3.4.7-cp314-cp314-manylinux2014_aarch64.manylinux_2_17_aarch64.manylinux_2_28_aarch64.whl", hash = "sha256:1c2aed2e5e41f24ea8ef1590b8e848a79b56f3a5564a65ceec43c9d692dc7d8a", size = 208042 },
    { url = "https://files.pythonhosted.org/packages/87/1c/ab2ce611b984d2fd5d86a5a8a19c1ae26acac6bad967da4967562c75114d/charset_normalizer-3.4.7-cp314-cp314-manylinux2014_ppc64le.manylinux_2_17_ppc64le.manylinux_2_28_ppc64le.whl", hash = "sha256:54523e136b8948060c0fa0bc7b1b50c32c186f2fceee897a495406bb6e311d2b", size = 228706 },
    { url = "https://files.pythonhosted.org/packages/a8/29/2b1d2cb00bf085f59d29eb773ce58ec2d325430f8c216804a0a5cd83cbca/charset_normalizer-3.4.7-cp314-cp314-manylinux2014_s390x.manylinux_2_17_s390x.manylinux_2_28_s390x.whl", hash = "sha256:715479b9a2802ecac752a3b0efa2b0b60285cf962ee38414211abdfccc233b41", size = 224727 },
    { url = "https://files.pythonhosted.org/packages/47/5c/032c2d5a07fe4d4855fea851209cca2b6f03ebeb6d4e3afdb3358386a684/charset_normalizer-3.4.7-cp314-cp314-manylinux2014_x86_64.manylinux_2_17_x86_64.manylinux_2_28_x86_64.whl", hash = "sha256:bd6c2a1c7573c64738d716488d2cdd3c00e340e4835707d8fdb8dc1a66ef164e", size = 215882 },
    { url = "https://files.pythonhosted.org/packages/2c/c2/356065d5a8b78ed04499cae5f339f091946a6a74f91e03476c33f0ab7100/charset_normalizer-3.4.7-cp314-cp314-manylinux_2_31_armv7l.whl", hash = "sha256:c45e9440fb78f8ddabcf714b68f936737a121355bf59f3907f4e17721b9d1aae", size = 200860 },
    { url = "https://files.pythonhosted.org/packages/0c/cd/a32a84217ced5039f53b29f460962abb2d4420def55afabe45b1c3c7483d/charset_normalizer-3.4.7-cp314-cp314-manylinux_2_31_riscv64.manylinux_2_39_riscv64.whl", hash = "sha256:3534e7dcbdcf757da6b85a0bbf5b6868786d5982dd959b065e65481644817a18", size = 211564 },
    { url = "https://files.pythonhosted.org/packages/44/86/58e6f13ce26cc3b8f4a36b94a0f22ae2f00a72534520f4ae6857c4b81f89/charset_normalizer-3.4.7-cp314-cp314-musllinux_1_2_aarch64.whl", hash = "sha256:e8ac484bf18ce6975760921bb6148041faa8fef0547200386ea0b52b5d27bf7b", size = 211276 },
    { url = "https://files.pythonhosted.org/packages/8f/fe/d17c32dc72e17e155e06883efa84514ca375f8a528ba2546bee73fc4df81/charset_normalizer-3.4.7-cp314-cp314-musllinux_1_2_armv7l.whl", hash = "sha256:a5fe03b42827c13cdccd08e6c0247b6a6d4b5e3cdc53fd1749f5896adcdc2356", size = 201238 },
    { url = "https://files.pythonhosted.org/packages/6a/29/f33daa50b06525a237451cdb6c69da366c381a3dadcd833fa5676bc468b3/charset_normalizer-3.4.7-cp314-cp314-musllinux_1_2_ppc64le.whl", hash = "sha256:2d6eb928e13016cea4f1f21d1e10c1cebd5a421bc57ddf5b1142ae3f86824fab", size = 230189 },
    { url = "https://files.pythonhosted.org/packages/b6/6e/52c84015394a6a0bdcd435210a7e944c5f94ea1055f5cc5d56c5fe368e7b/charset_normalizer-3.4.7-cp314-cp314-musllinux_1_2_riscv64.whl", hash = "sha256:e74327fb75de8986940def6e8dee4f127cc9752bee7355bb323cc5b2659b6d46", size = 211352 },
    { url = "https://files.pythonhosted.org/packages/8c/d7/4353be581b373033fb9198bf1da3cf8f09c1082561e8e922aa7b39bf9fe8/charset_normalizer-3.4.7-cp314-cp314-musllinux_1_2_s390x.whl", hash = "sha256:d6038d37043bced98a66e68d3aa2b6a35505dc01328cd65217cefe82f25def44", size = 227024 },
    { url = "https://files.pythonhosted.org/packages/30/45/99d18aa925bd1740098ccd3060e238e21115fffbfdcb8f3ece837d0ace6c/charset_normalizer-3.4.7-cp314-cp314-musllinux_1_2_x86_64.whl", hash = "sha256:7579e913a5339fb8fa133f6bbcfd8e6749696206cf05acdbdca71a1b436d8e72", size = 217869 },
    { url = "https://files.pythonhosted.org/packages/5c/05/5ee478aa53f4bb7996482153d4bfe1b89e0f087f0ab6b294fcf92d595873/charset_normalizer-3.4.7-cp314-cp314-win32.whl", hash = "sha256:5b77459df20e08151cd6f8b9ef8ef1f961ef73d85c21a555c7eed5b79410ec10", size = 148541 },
    { url = "https://files.pythonhosted.org/packages/48/77/72dcb0921b2ce86420b2d79d454c7022bf5be40202a2a07906b9f2a35c97/charset_normalizer-3.4.7-cp314-cp314-win_amd64.whl", hash = "sha256:92a0a01ead5e668468e952e4238cccd7c537364eb7d851ab144ab6627dbbe12f", size = 159634 },
    { url = "https://files.pythonhosted.org/packages/c6/a3/c2369911cd72f02386e4e340770f6e158c7980267da16af8f668217abaa0/charset_normalizer-3.4.7-cp314-cp314-win_arm64.whl", hash = "sha256:67f6279d125ca0046a7fd386d01b311c6363844deac3e5b069b514ba3e63c246", size = 148384 },
    { url = "https://files.pythonhosted.org/packages/94/09/7e8a7f73d24dba1f0035fbbf014d2c36828fc1bf9c88f84093e57d315935/charset_normalizer-3.4.7-cp314-cp314t-macosx_10_15_universal2.whl", hash = "sha256:effc3f449787117233702311a1b7d8f59cba9ced946ba727bdc329ec69028e24", size = 330133 },
    { url = "https://files.pythonhosted.org/packages/8d/da/96975ddb11f8e977f706f45cddd8540fd8242f71ecdb5d18a80723dcf62c/charset_normalizer-3.4.7-cp314-cp314t-manylinux2014_aarch64.manylinux_2_17_aarch64.manylinux_2_28_aarch64.whl", hash = "sha256:fbccdc05410c9ee21bbf16a35f4c1d16123dcdeb8a1d38f33654fa21d0234f79", size = 216257 },
    { url = "https://files.pythonhosted.org/packages/e5/e8/1d63bf8ef2d388e95c64b2098f45f84758f6d102a087552da1485912637b/charset_normalizer-3.4.7-cp314-cp314t-manylinux2014_ppc64le.manylinux_2_17_ppc64le.manylinux_2_28_ppc64le.whl", hash = "sha256:733784b6d6def852c814bce5f318d25da2ee65dd4839a0718641c696e09a2960", size = 234851 },
    { url = "https://files.pythonhosted.org/packages/9b/40/e5ff04233e70da2681fa43969ad6f66ca5611d7e669be0246c4c7aaf6dc8/charset_normalizer-3.4.7-cp314-cp314t-manylinux2014_s390x.manylinux_2_17_s390x.manylinux_2_28_s390x.whl", hash = "sha256:a89c23ef8d2c6b27fd200a42aa4ac72786e7c60d40efdc76e6011260b6e949c4", size = 233393 },
    { url = "https://files.pythonhosted.org/packages/be/c1/06c6c49d5a5450f76899992f1ee40b41d076aee9279b49cf9974d2f313d5/charset_normalizer-3.4.7-cp314-cp314t-manylinux2014_x86_64.manylinux_2_17_x86_64.manylinux_2_28_x86_64.whl", hash = "sha256:6c114670c45346afedc0d947faf3c7f701051d2518b943679c8ff88befe14f8e", size = 223251 },
    { url = "https://files.pythonhosted.org/packages/2b/9f/f2ff16fb050946169e3e1f82134d107e5d4ae72647ec8a1b1446c148480f/charset_normalizer-3.4.7-cp314-cp314t-manylinux_2_31_armv7l.whl", hash = "sha256:a180c5e59792af262bf263b21a3c49353f25945d8d9f70628e73de370d55e1e1", size = 206609 },
    { url = "https://files.pythonhosted.org/packages/69/d5/a527c0cd8d64d2eab7459784fb4169a0ac76e5a6fc5237337982fd61347e/charset_normalizer-3.4.7-cp314-cp314t-manylinux_2_31_riscv64.manylinux_2_39_riscv64.whl", hash = "sha256:3c9a494bc5ec77d43cea229c4f6db1e4d8fe7e1bbffa8b6f0f0032430ff8ab44", size = 220014 },
    { url = "https://files.pythonhosted.org/packages/7e/80/8a7b8104a3e203074dc9aa2c613d4b726c0e136bad1cc734594b02867972/charset_normalizer-3.4.7-cp314-cp314t-musllinux_1_2_aarch64.whl", hash = "sha256:8d828b6667a32a728a1ad1d93957cdf37489c57b97ae6c4de2860fa749b8fc1e", size = 218979 },
    { url = "https://files.pythonhosted.org/packages/02/9a/b759b503d507f375b2b5c153e4d2ee0a75aa215b7f2489cf314f4541f2c0/charset_normalizer-3.4.7-cp314-cp314t-musllinux_1_2_armv7l.whl", hash = "sha256:cf1493cd8607bec4d8a7b9b004e699fcf8f9103a9284cc94962cb73d20f9d4a3", size = 209238 },
    { url = "https://files.pythonhosted.org/packages/c2/4e/0f3f5d47b86bdb79256e7290b26ac847a2832d9a4033f7eb2cd4bcf4bb5b/charset_normalizer-3.4.7-cp314-cp314t-musllinux_1_2_ppc64le.whl", hash = "sha256:0c96c3b819b5c3e9e165495db84d41914d6894d55181d2d108cc1a69bfc9cce0", size = 236110 },
    { url = "https://files.pythonhosted.org/packages/96/23/bce28734eb3ed2c91dcf93abeb8a5cf393a7b2749725030bb630e554fdd8/charset_normalizer-3.4.7-cp314-cp314t-musllinux_1_2_riscv64.whl", hash = "sha256:752a45dc4a6934060b3b0dab47e04edc3326575f82be64bc4fc293914566503e", size = 219824 },
    { url = "https://files.pythonhosted.org/packages/2c/6f/6e897c6984cc4d41af319b077f2f600fc8214eb2fe2d6bcb79141b882400/charset_normalizer-3.4.7-cp314-cp314t-musllinux_1_2_s390x.whl", hash = "sha256:8778f0c7a52e56f75d12dae53ae320fae900a8b9b4164b981b9c5ce059cd1fcb", size = 233103 },
    { url = "https://files.pythonhosted.org/packages/76/22/ef7bd0fe480a0ae9b656189ec00744b60933f68b4f42a7bb06589f6f576a/charset_normalizer-3.4.7-cp314-cp314t-musllinux_1_2_x86_64.whl", hash = "sha256:ce3412fbe1e31eb81ea42f4169ed94861c56e643189e1e75f0041f3fe7020abe", size = 225194 },
    { url = "https://files.pythonhosted.org/packages/c5/a7/0e0ab3e0b5bc1219bd80a6a0d4d72ca74d9250cb2382b7c699c147e06017/charset_normalizer-3.4.7-cp314-cp314t-win32.whl", hash = "sha256:c03a41a8784091e67a39648f70c5f97b5b6a37f216896d44d2cdcb82615339a0", size = 159827 },
    { url = "https://files.pythonhosted.org/packages/7a/1d/29d32e0fb40864b1f878c7f5a0b343ae676c6e2b271a2d55cc3a152391da/charset_normalizer-3.4.7-cp314-cp314t-win_amd64.whl", hash = "sha256:03853ed82eeebbce3c2abfdbc98c96dc205f32a79627688ac9a27370ea61a49c", size = 174168 },
    { url = "https://files.pythonhosted.org/packages/de/32/d92444ad05c7a6e41fb2036749777c163baf7a0301a040cb672d6b2b1ae9/charset_normalizer-3.4.7-cp314-cp314t-win_arm64.whl", hash = "sha256:c35abb8bfff0185efac5878da64c45dafd2b37fb0383add1be155a763c1f083d", size = 153018 },
    { url = "https://files.pythonhosted.org/packages/db/8f/61959034484a4a7c527811f4721e75d02d653a35afb0b6054474d8185d4c/charset_normalizer-3.4.7-py3-none-any.whl", hash = "sha256:3dce51d0f5e7951f8bb4900c257dad282f49190fdbebecd4ba99bcc41fef404d", size = 61958 },
]

[[package]]
name = "duckdb"
version = "1.5.5"
source = { registry = "https://pypi.org/simple" }
sdist = { url = "https://files.pythonhosted.org/packages/7d/19/e57151753576373c6696a12022648546cca6038e8833fda2908ee2342d9b/duckdb-1.5.5.tar.gz", hash = "sha256:72f33ee57ca7595b23957671a2cc7f7fe2be0ecc2d68f63abedcfcaa3a5c1238", size = 18066741 }
wheels = [
    { url = "https://files.pythonhosted.org/packages/47/37/4a38116e7700720fd152c666292214fd3abdf916496991296d8d1f66efbf/duckdb-1.5.5-cp313-cp313-macosx_10_13_universal2.whl", hash = "sha256:cd98829b67788609017e65c761bd42a5dd0f9129441bed8bda4d6881ccf819f0", size = 32754294 },
    { url = "https://files.pythonhosted.org/packages/66/42/7d392f1ba1eee0eaf4ab4c8c7a604bfe3536cd63f979cf5c98798664f807/duckdb-1.5.5-cp313-cp313-macosx_10_13_x86_64.whl", hash = "sha256:feead93c56679b79592d437c62975d39cb67adedffa7592c763baf8160ac7366", size = 17368211 },
    { url = "https://files.pythonhosted.org/packages/9f/a5/0a6f4fa60562faa615e55e15bd1953a2f2b17a8edd8105e5cda215e43457/duckdb-1.5.5-cp313-cp313-macosx_11_0_arm64.whl", hash = "sha256:49c963d9469373d7aba8d750d9ea565ab823e94166efed953f184dd9b169b98c", size = 15509136 },
    { url = "https://files.pythonhosted.org/packages/e4/cb/023c89f51978545b9fab318581bba0c457a58e7530d2d933e54ae7d8647c/duckdb-1.5.5-cp313-cp313-manylinux_2_26_aarch64.manylinux_2_28_aarch64.whl", hash = "sha256:a736217825461732b5442d05a220f3da2e23a0dae114efbf08c9bf171b53098a", size = 19392147 },
    { url = "https://files.pythonhosted.org/packages/3e/c5/41bef391fb8b23dbc133c9f2ba016e7a7a8124513d2cc1b430f1897d87e4/duckdb-1.5.5-cp313-cp313-manylinux_2_26_x86_64.manylinux_2_28_x86_64.whl", hash = "sha256:078e6a60dd8eedde5832f45422ca5c4a6b8c837aeabd8a56ca0b7d933f588053", size = 21511060 },
    { url = "https://files.pythonhosted.org/packages/07/9f/c44dfc1f924ac29b3252dc1b91393c01d009dbfe9f8ed33f10b986151bd1/duckdb-1.5.5-cp313-cp313-win_amd64.whl", hash = "sha256:6826504277dba513c0c5d71d828456c94d729c9d2482f94b2e289f90a9167e28", size = 13168028 },
    { url = "https://files.pythonhosted.org/packages/ca/88/591384b2cd59abddd6f5dc175e60374f9abae6064429f0c4402854c10f44/duckdb-1.5.5-cp313-cp313-win_arm64.whl", hash = "sha256:baa9c5702002fabb559ded2a39008f9f421fcbc7237d388b8213eff1e08858de", size = 13989955 },
    { url = "https://files.pythonhosted.org/packages/3e/56/12c65bfa2d2605b81981b264788891bcf11ec72227889554cead5d8d13b9/duckdb-1.5.5-cp314-cp314-macosx_10_15_universal2.whl", hash = "sha256:8e6413dd40facb7b8ab21bd844450cd8f549b29e138635be9cf090ef4d2049e2", size = 32761946 },
    { url = "https://files.pythonhosted.org/packages/b9/46/682ce155f17e0d2822d4f13ee3db9ca4b5b7c2da61b841b2629035e1f4bc/duckdb-1.5.5-cp314-cp314-macosx_10_15_x86_64.whl", hash = "sha256:64078acfd16541132ac6e191eb81b2845554444a0305cc1aa581ba107e514aa8", size = 17375069 },
    { url = "https://files.pythonhosted.org/packages/39/ce/a24bcbd3289c8f305a430759c5fc12242740b4af3e17f7593f3a34e333d2/duckdb-1.5.5-cp314-cp314-macosx_11_0_arm64.whl", hash = "sha256:8c11775cc99a447618d5f1840126db17f2652f3eae05529df4f81f40e2df7151", size = 15519791 },
    { url = "https://files.pythonhosted.org/packages/d9/76/3a01afbc615c1d418c0de58a6b68ac5ce2a8563232c0464bfbc2ce552398/duckdb-1.5.5-cp314-cp314-manylinux_2_26_aarch64.manylinux_2_28_aarch64.whl", hash = "sha256:77bbc1e6ba12e1e06f9020117bdf848627ecfdf36f907550e62e008e6109dece", size = 19398251 },
    { url = "https://files.pythonhosted.org/packages/a1/43/3a5e81d1728f4d234c79bfe385808ee7c04834f7c37a4b5c257459c25614/duckdb-1.5.5-cp314-cp314-manylinux_2_26_x86_64.manylinux_2_28_x86_64.whl", hash = "sha256:fbf0f2d48b43c6c304d00463b463c27ead6c4b01c3c1816b750f728decf71afe", size = 21513851 },
    { url = "https://files.pythonhosted.org/packages/91/41/fc7c829172c60ca22485251eab285f4f1a0d87b486a024c726f21471d86e/duckdb-1.5.5-cp314-cp314-win_amd64.whl", hash = "sha256:9dc826c4b50e64f6c4e4d07a3a9cb075ef70ba3899dc43ec5493dc3d7b04b353", size = 13691858 },
    { url = "https://files.pythonhosted.org/packages/e1/2c/95d9216b79e9273689d7ebce125a54503ed0c9bd7da931f0265888e99779/duckdb-1.5.5-cp314-cp314-win_arm64.whl", hash = "sha256:63e48d4b74b15aeacd688976432a7225163df8c226eddeb8536bba2d4d4ff433", size = 14470180 },
]

[[package]]
name = "fantasy-sports"
version = "0.1.0"
source = { virtual = "." }
dependencies = [
    { name = "duckdb" },
    { name = "numpy" },
    { name = "pandas" },
    { name = "polars" },
    { name = "pymlb-statsapi" },
]

[package.metadata]
requires-dist = [
    { name = "duckdb", specifier = ">=1.5.5" },
    { name = "numpy" },
    { name = "pandas" },
    { name = "polars" },
    { name = "pymlb-statsapi", specifier = ">=1.4.3" },
]

[[package]]
name = "idna"
version = "3.16"
source = { registry = "https://pypi.org/simple" }
sdist = { url = "https://files.pythonhosted.org/packages/1a/88/bcf9709822fe69d02c2a6a77956c98ce6ea8ca8767a9aadcedc7eb6a2390/idna-3.16.tar.gz", hash = "sha256:d7a6da03db833450fca25d2358ac9ff06cd624577a4aea3a596d5c0f77b8e03d", size = 203770 }
wheels = [
    { url = "https://files.pythonhosted.org/packages/94/16/70255075a9859a0e3adb789b68ceb0e210dec03934245fd98d248226572f/idna-3.16-py3-none-any.whl", hash = "sha256:cc246e3a3f89580c3a951b5ad298ca4638078b2cdd4f115654332b5c26daded5", size = 74165 },
]

[[package]]
name = "numpy"
version = "2.3.2"
source = { registry = "https://pypi.org/simple" }
sdist = { url = "https://files.pythonhosted.org/packages/37/7d/3fec4199c5ffb892bed55cff901e4f39a58c81df9c44c280499e92cad264/numpy-2.3.2.tar.gz", hash = "sha256:e0486a11ec30cdecb53f184d496d1c6a20786c81e55e41640270130056f8ee48", size = 20489306 }
wheels = [
    { url = "https://files.pythonhosted.org/packages/1c/c0/c6bb172c916b00700ed3bf71cb56175fd1f7dbecebf8353545d0b5519f6c/numpy-2.3.2-cp313-cp313-macosx_10_13_x86_64.whl", hash = "sha256:c8d9727f5316a256425892b043736d63e89ed15bbfe6556c5ff4d9d4448ff3b3", size = 20949074 },
    { url = "https://files.pythonhosted.org/packages/20/4e/c116466d22acaf4573e58421c956c6076dc526e24a6be0903219775d862e/numpy-2.3.2-cp313-cp313-macosx_11_0_arm64.whl", hash = "sha256:efc81393f25f14d11c9d161e46e6ee348637c0a1e8a54bf9dedc472a3fae993b", size = 14177311 },
    { url = "https://files.pythonhosted.org/packages/78/45/d4698c182895af189c463fc91d70805d455a227261d950e4e0f1310c2550/numpy-2.3.2-cp313-cp313-macosx_14_0_arm64.whl", hash = "sha256:dd937f088a2df683cbb79dda9a772b62a3e5a8a7e76690612c2737f38c6ef1b6", size = 5106022 },
    { url = "https://files.pythonhosted.org/packages/9f/76/3e6880fef4420179309dba72a8c11f6166c431cf6dee54c577af8906f914/numpy-2.3.2-cp313-cp313-macosx_14_0_x86_64.whl", hash = "sha256:11e58218c0c46c80509186e460d79fbdc9ca1eb8d8aee39d8f2dc768eb781089", size = 6640135 },
    { url = "https://files.pythonhosted.org/packages/34/fa/87ff7f25b3c4ce9085a62554460b7db686fef1e0207e8977795c7b7d7ba1/numpy-2.3.2-cp313-cp313-manylinux_2_27_aarch64.manylinux_2_28_aarch64.whl", hash = "sha256:5ad4ebcb683a1f99f4f392cc522ee20a18b2bb12a2c1c42c3d48d5a1adc9d3d2", size = 14278147 },
    { url = "https://files.pythonhosted.org/packages/1d/0f/571b2c7a3833ae419fe69ff7b479a78d313581785203cc70a8db90121b9a/numpy-2.3.2-cp313-cp313-manylinux_2_27_x86_64.manylinux_2_28_x86_64.whl", hash = "sha256:938065908d1d869c7d75d8ec45f735a034771c6ea07088867f713d1cd3bbbe4f", size = 16635989 },
    { url = "https://files.pythonhosted.org/packages/24/5a/84ae8dca9c9a4c592fe11340b36a86ffa9fd3e40513198daf8a97839345c/numpy-2.3.2-cp313-cp313-musllinux_1_2_aarch64.whl", hash = "sha256:66459dccc65d8ec98cc7df61307b64bf9e08101f9598755d42d8ae65d9a7a6ee", size = 16053052 },
    { url = "https://files.pythonhosted.org/packages/57/7c/e5725d99a9133b9813fcf148d3f858df98511686e853169dbaf63aec6097/numpy-2.3.2-cp313-cp313-musllinux_1_2_x86_64.whl", hash = "sha256:a7af9ed2aa9ec5950daf05bb11abc4076a108bd3c7db9aa7251d5f107079b6a6", size = 18577955 },
    { url = "https://files.pythonhosted.org/packages/ae/11/7c546fcf42145f29b71e4d6f429e96d8d68e5a7ba1830b2e68d7418f0bbd/numpy-2.3.2-cp313-cp313-win32.whl", hash = "sha256:906a30249315f9c8e17b085cc5f87d3f369b35fedd0051d4a84686967bdbbd0b", size = 6311843 },
    { url = "https://files.pythonhosted.org/packages/aa/6f/a428fd1cb7ed39b4280d057720fed5121b0d7754fd2a9768640160f5517b/numpy-2.3.2-cp313-cp313-win_amd64.whl", hash = "sha256:c63d95dc9d67b676e9108fe0d2182987ccb0f11933c1e8959f42fa0da8d4fa56", size = 12782876 },
    { url = "https://files.pythonhosted.org/packages/65/85/4ea455c9040a12595fb6c43f2c217257c7b52dd0ba332c6a6c1d28b289fe/numpy-2.3.2-cp313-cp313-win_arm64.whl", hash = "sha256:b05a89f2fb84d21235f93de47129dd4f11c16f64c87c33f5e284e6a3a54e43f2", size = 10192786 },
    { url = "https://files.pythonhosted.org/packages/80/23/8278f40282d10c3f258ec3ff1b103d4994bcad78b0cba9208317f6bb73da/numpy-2.3.2-cp313-cp313t-macosx_10_13_x86_64.whl", hash = "sha256:4e6ecfeddfa83b02318f4d84acf15fbdbf9ded18e46989a15a8b6995dfbf85ab", size = 21047395 },
    { url = "https://files.pythonhosted.org/packages/1f/2d/624f2ce4a5df52628b4ccd16a4f9437b37c35f4f8a50d00e962aae6efd7a/numpy-2.3.2-cp313-cp313t-macosx_11_0_arm64.whl", hash = "sha256:508b0eada3eded10a3b55725b40806a4b855961040180028f52580c4729916a2", size = 14300374 },
    { url = "https://files.pythonhosted.org/packages/f6/62/ff1e512cdbb829b80a6bd08318a58698867bca0ca2499d101b4af063ee97/numpy-2.3.2-cp313-cp313t-macosx_14_0_arm64.whl", hash = "sha256:754d6755d9a7588bdc6ac47dc4ee97867271b17cee39cb87aef079574366db0a", size = 5228864 },
    { url = "https://files.pythonhosted.org/packages/7d/8e/74bc18078fff03192d4032cfa99d5a5ca937807136d6f5790ce07ca53515/numpy-2.3.2-cp313-cp313t-macosx_14_0_x86_64.whl", hash = "sha256:a9f66e7d2b2d7712410d3bc5684149040ef5f19856f20277cd17ea83e5006286", size = 6737533 },
    { url = "https://files.pythonhosted.org/packages/19/ea/0731efe2c9073ccca5698ef6a8c3667c4cf4eea53fcdcd0b50140aba03bc/numpy-2.3.2-cp313-cp313t-manylinux_2_27_aarch64.manylinux_2_28_aarch64.whl", hash = "sha256:de6ea4e5a65d5a90c7d286ddff2b87f3f4ad61faa3db8dabe936b34c2275b6f8", size = 14352007 },
    { url = "https://files.pythonhosted.org/packages/cf/90/36be0865f16dfed20f4bc7f75235b963d5939707d4b591f086777412ff7b/numpy-2.3.2-cp313-cp313t-manylinux_2_27_x86_64.manylinux_2_28_x86_64.whl", hash = "sha256:a3ef07ec8cbc8fc9e369c8dcd52019510c12da4de81367d8b20bc692aa07573a", size = 16701914 },
    { url = "https://files.pythonhosted.org/packages/94/30/06cd055e24cb6c38e5989a9e747042b4e723535758e6153f11afea88c01b/numpy-2.3.2-cp313-cp313t-musllinux_1_2_aarch64.whl", hash = "sha256:27c9f90e7481275c7800dc9c24b7cc40ace3fdb970ae4d21eaff983a32f70c91", size = 16132708 },
    { url = "https://files.pythonhosted.org/packages/9a/14/ecede608ea73e58267fd7cb78f42341b3b37ba576e778a1a06baffbe585c/numpy-2.3.2-cp313-cp313t-musllinux_1_2_x86_64.whl", hash = "sha256:07b62978075b67eee4065b166d000d457c82a1efe726cce608b9db9dd66a73a5", size = 18651678 },
    { url = "https://files.pythonhosted.org/packages/40/f3/2fe6066b8d07c3685509bc24d56386534c008b462a488b7f503ba82b8923/numpy-2.3.2-cp313-cp313t-win32.whl", hash = "sha256:c771cfac34a4f2c0de8e8c97312d07d64fd8f8ed45bc9f5726a7e947270152b5", size = 6441832 },
    { url = "https://files.pythonhosted.org/packages/0b/ba/0937d66d05204d8f28630c9c60bc3eda68824abde4cf756c4d6aad03b0c6/numpy-2.3.2-cp313-cp313t-win_amd64.whl", hash = "sha256:72dbebb2dcc8305c431b2836bcc66af967df91be793d63a24e3d9b741374c450", size = 12927049 },
    { url = "https://files.pythonhosted.org/packages/e9/ed/13542dd59c104d5e654dfa2ac282c199ba64846a74c2c4bcdbc3a0f75df1/numpy-2.3.2-cp313-cp313t-win_arm64.whl", hash = "sha256:72c6df2267e926a6d5286b0a6d556ebe49eae261062059317837fda12ddf0c1a", size = 10262935 },
    { url = "https://files.pythonhosted.org/packages/c9/7c/7659048aaf498f7611b783e000c7268fcc4dcf0ce21cd10aad7b2e8f9591/numpy-2.3.2-cp314-cp314-macosx_10_13_x86_64.whl", hash = "sha256:448a66d052d0cf14ce9865d159bfc403282c9bc7bb2a31b03cc18b651eca8b1a", size = 20950906 },
    { url = "https://files.pythonhosted.org/packages/80/db/984bea9d4ddf7112a04cfdfb22b1050af5757864cfffe8e09e44b7f11a10/numpy-2.3.2-cp314-cp314-macosx_11_0_arm64.whl", hash = "sha256:546aaf78e81b4081b2eba1d105c3b34064783027a06b3ab20b6eba21fb64132b", size = 14185607 },
    { url = "https://files.pythonhosted.org/packages/e4/76/b3d6f414f4eca568f469ac112a3b510938d892bc5a6c190cb883af080b77/numpy-2.3.2-cp314-cp314-macosx_14_0_arm64.whl", hash = "sha256:87c930d52f45df092f7578889711a0768094debf73cfcde105e2d66954358125", size = 5114110 },
    { url = "https://files.pythonhosted.org/packages/9e/d2/6f5e6826abd6bca52392ed88fe44a4b52aacb60567ac3bc86c67834c3a56/numpy-2.3.2-cp314-cp314-macosx_14_0_x86_64.whl", hash = "sha256:8dc082ea901a62edb8f59713c6a7e28a85daddcb67454c839de57656478f5b19", size = 6642050 },
    { url = "https://files.pythonhosted.org/packages/c4/43/f12b2ade99199e39c73ad182f103f9d9791f48d885c600c8e05927865baf/numpy-2.3.2-cp314-cp314-manylinux_2_27_aarch64.manylinux_2_28_aarch64.whl", hash = "sha256:af58de8745f7fa9ca1c0c7c943616c6fe28e75d0c81f5c295810e3c83b5be92f", size = 14296292 },
    { url = "https://files.pythonhosted.org/packages/5d/f9/77c07d94bf110a916b17210fac38680ed8734c236bfed9982fd8524a7b47/numpy-2.3.2-cp314-cp314-manylinux_2_27_x86_64.manylinux_2_28_x86_64.whl", hash = "sha256:fed5527c4cf10f16c6d0b6bee1f89958bccb0ad2522c8cadc2efd318bcd545f5", size = 16638913 },
    { url = "https://files.pythonhosted.org/packages/9b/d1/9d9f2c8ea399cc05cfff8a7437453bd4e7d894373a93cdc46361bbb49a7d/numpy-2.3.2-cp314-cp314-musllinux_1_2_aarch64.whl", hash = "sha256:095737ed986e00393ec18ec0b21b47c22889ae4b0cd2d5e88342e08b01141f58", size = 16071180 },
    { url = "https://files.pythonhosted.org/packages/4c/41/82e2c68aff2a0c9bf315e47d61951099fed65d8cb2c8d9dc388cb87e947e/numpy-2.3.2-cp314-cp314-musllinux_1_2_x86_64.whl", hash = "sha256:b5e40e80299607f597e1a8a247ff8d71d79c5b52baa11cc1cce30aa92d2da6e0", size = 18576809 },
    { url = "https://files.pythonhosted.org/packages/14/14/4b4fd3efb0837ed252d0f583c5c35a75121038a8c4e065f2c259be06d2d8/numpy-2.3.2-cp314-cp314-win32.whl", hash = "sha256:7d6e390423cc1f76e1b8108c9b6889d20a7a1f59d9a60cac4a050fa734d6c1e2", size = 6366410 },
    { url = "https://files.pythonhosted.org/packages/11/9e/b4c24a6b8467b61aced5c8dc7dcfce23621baa2e17f661edb2444a418040/numpy-2.3.2-cp314-cp314-win_amd64.whl", hash = "sha256:b9d0878b21e3918d76d2209c924ebb272340da1fb51abc00f986c258cd5e957b", size = 12918821 },
    { url = "https://files.pythonhosted.org/packages/0e/0f/0dc44007c70b1007c1cef86b06986a3812dd7106d8f946c09cfa75782556/numpy-2.3.2-cp314-cp314-win_arm64.whl", hash = "sha256:2738534837c6a1d0c39340a190177d7d66fdf432894f469728da901f8f6dc910", size = 10477303 },
    { url = "https://files.pythonhosted.org/packages/8b/3e/075752b79140b78ddfc9c0a1634d234cfdbc6f9bbbfa6b7504e445ad7d19/numpy-2.3.2-cp314-cp314t-macosx_10_13_x86_64.whl", hash = "sha256:4d002ecf7c9b53240be3bb69d80f86ddbd34078bae04d87be81c1f58466f264e", size = 21047524 },
    { url = "https://files.pythonhosted.org/packages/fe/6d/60e8247564a72426570d0e0ea1151b95ce5bd2f1597bb878a18d32aec855/numpy-2.3.2-cp314-cp314t-macosx_11_0_arm64.whl", hash = "sha256:293b2192c6bcce487dbc6326de5853787f870aeb6c43f8f9c6496db5b1781e45", size = 14300519 },
    { url = "https://files.pythonhosted.org/packages/4d/73/d8326c442cd428d47a067070c3ac6cc3b651a6e53613a1668342a12d4479/numpy-2.3.2-cp314-cp314t-macosx_14_0_arm64.whl", hash = "sha256:0a4f2021a6da53a0d580d6ef5db29947025ae8b35b3250141805ea9a32bbe86b", size = 5228972 },
    { url = "https://files.pythonhosted.org/packages/34/2e/e71b2d6dad075271e7079db776196829019b90ce3ece5c69639e4f6fdc44/numpy-2.3.2-cp314-cp314t-macosx_14_0_x86_64.whl", hash = "sha256:9c144440db4bf3bb6372d2c3e49834cc0ff7bb4c24975ab33e01199e645416f2", size = 6737439 },
    { url = "https://files.pythonhosted.org/packages/15/b0/d004bcd56c2c5e0500ffc65385eb6d569ffd3363cb5e593ae742749b2daa/numpy-2.3.2-cp314-cp314t-manylinux_2_27_aarch64.manylinux_2_28_aarch64.whl", hash = "sha256:f92d6c2a8535dc4fe4419562294ff957f83a16ebdec66df0805e473ffaad8bd0", size = 14352479 },
    { url = "https://files.pythonhosted.org/packages/11/e3/285142fcff8721e0c99b51686426165059874c150ea9ab898e12a492e291/numpy-2.3.2-cp314-cp314t-manylinux_2_27_x86_64.manylinux_2_28_x86_64.whl", hash = "sha256:cefc2219baa48e468e3db7e706305fcd0c095534a192a08f31e98d83a7d45fb0", size = 16702805 },
    { url = "https://files.pythonhosted.org/packages/33/c3/33b56b0e47e604af2c7cd065edca892d180f5899599b76830652875249a3/numpy-2.3.2-cp314-cp314t-musllinux_1_2_aarch64.whl", hash = "sha256:76c3e9501ceb50b2ff3824c3589d5d1ab4ac857b0ee3f8f49629d0de55ecf7c2", size = 16133830 },
    { url = "https://files.pythonhosted.org/packages/6e/ae/7b1476a1f4d6a48bc669b8deb09939c56dd2a439db1ab03017844374fb67/numpy-2.3.2-cp314-cp314t-musllinux_1_2_x86_64.whl", hash = "sha256:122bf5ed9a0221b3419672493878ba4967121514b1d7d4656a7580cd11dddcbf", size = 18652665 },
    { url = "https://files.pythonhosted.org/packages/14/ba/5b5c9978c4bb161034148ade2de9db44ec316fab89ce8c400db0e0c81f86/numpy-2.3.2-cp314-cp314t-win32.whl", hash = "sha256:6f1ae3dcb840edccc45af496f312528c15b1f79ac318169d094e85e4bb35fdf1", size = 6514777 },
    { url = "https://files.pythonhosted.org/packages/eb/46/3dbaf0ae7c17cdc46b9f662c56da2054887b8d9e737c1476f335c83d33db/numpy-2.3.2-cp314-cp314t-win_amd64.whl", hash = "sha256:087ffc25890d89a43536f75c5fe8770922008758e8eeeef61733957041ed2f9b", size = 13111856 },
    { url = "https://files.pythonhosted.org/packages/c1/9e/1652778bce745a67b5fe05adde60ed362d38eb17d919a540e813d30f6874/numpy-2.3.2-cp314-cp314t-win_arm64.whl", hash = "sha256:092aeb3449833ea9c0bf0089d70c29ae480685dd2377ec9cdbbb620257f84631", size = 10544226 },
]

[[package]]
name = "pandas"
version = "2.3.2"
source = { registry = "https://pypi.org/simple" }
dependencies = [
    { name = "numpy" },
    { name = "python-dateutil" },
    { name = "pytz" },
    { name = "tzdata" },
]
sdist = { url = "https://files.pythonhosted.org/packages/79/8e/0e90233ac205ad182bd6b422532695d2b9414944a280488105d598c70023/pandas-2.3.2.tar.gz", hash = "sha256:ab7b58f8f82706890924ccdfb5f48002b83d2b5a3845976a9fb705d36c34dcdb", size = 4488684 }
wheels = [
    { url = "https://files.pythonhosted.org/packages/27/64/a2f7bf678af502e16b472527735d168b22b7824e45a4d7e96a4fbb634b59/pandas-2.3.2-cp313-cp313-macosx_10_13_x86_64.whl", hash = "sha256:0c6ecbac99a354a051ef21c5307601093cb9e0f4b1855984a084bfec9302699e", size = 11531061 },
    { url = "https://files.pythonhosted.org/packages/54/4c/c3d21b2b7769ef2f4c2b9299fcadd601efa6729f1357a8dbce8dd949ed70/pandas-2.3.2-cp313-cp313-macosx_11_0_arm64.whl", hash = "sha256:c6f048aa0fd080d6a06cc7e7537c09b53be6642d330ac6f54a600c3ace857ee9", size = 10668666 },
    { url = "https://files.pythonhosted.org/packages/50/e2/f775ba76ecfb3424d7f5862620841cf0edb592e9abd2d2a5387d305fe7a8/pandas-2.3.2-cp313-cp313-manylinux_2_17_aarch64.manylinux2014_aarch64.whl", hash = "sha256:0064187b80a5be6f2f9c9d6bdde29372468751dfa89f4211a3c5871854cfbf7a", size = 11332835 },
    { url = "https://files.pythonhosted.org/packages/8f/52/0634adaace9be2d8cac9ef78f05c47f3a675882e068438b9d7ec7ef0c13f/pandas-2.3.2-cp313-cp313-manylinux_2_17_x86_64.manylinux2014_x86_64.whl", hash = "sha256:4ac8c320bded4718b298281339c1a50fb00a6ba78cb2a63521c39bec95b0209b", size = 12057211 },
    { url = "https://files.pythonhosted.org/packages/0b/9d/2df913f14b2deb9c748975fdb2491da1a78773debb25abbc7cbc67c6b549/pandas-2.3.2-cp313-cp313-musllinux_1_2_aarch64.whl", hash = "sha256:114c2fe4f4328cf98ce5716d1532f3ab79c5919f95a9cfee81d9140064a2e4d6", size = 12749277 },
    { url = "https://files.pythonhosted.org/packages/87/af/da1a2417026bd14d98c236dba88e39837182459d29dcfcea510b2ac9e8a1/pandas-2.3.2-cp313-cp313-musllinux_1_2_x86_64.whl", hash = "sha256:48fa91c4dfb3b2b9bfdb5c24cd3567575f4e13f9636810462ffed8925352be5a", size = 13415256 },
    { url = "https://files.pythonhosted.org/packages/22/3c/f2af1ce8840ef648584a6156489636b5692c162771918aa95707c165ad2b/pandas-2.3.2-cp313-cp313-win_amd64.whl", hash = "sha256:12d039facec710f7ba305786837d0225a3444af7bbd9c15c32ca2d40d157ed8b", size = 10982579 },
    { url = "https://files.pythonhosted.org/packages/f3/98/8df69c4097a6719e357dc249bf437b8efbde808038268e584421696cbddf/pandas-2.3.2-cp313-cp313t-macosx_10_13_x86_64.whl", hash = "sha256:c624b615ce97864eb588779ed4046186f967374185c047070545253a52ab2d57", size = 12028163 },
    { url = "https://files.pythonhosted.org/packages/0e/23/f95cbcbea319f349e10ff90db488b905c6883f03cbabd34f6b03cbc3c044/pandas-2.3.2-cp313-cp313t-macosx_11_0_arm64.whl", hash = "sha256:0cee69d583b9b128823d9514171cabb6861e09409af805b54459bd0c821a35c2", size = 11391860 },
    { url = "https://files.pythonhosted.org/packages/ad/1b/6a984e98c4abee22058aa75bfb8eb90dce58cf8d7296f8bc56c14bc330b0/pandas-2.3.2-cp313-cp313t-manylinux_2_17_aarch64.manylinux2014_aarch64.whl", hash = "sha256:2319656ed81124982900b4c37f0e0c58c015af9a7bbc62342ba5ad07ace82ba9", size = 11309830 },
    { url = "https://files.pythonhosted.org/packages/15/d5/f0486090eb18dd8710bf60afeaf638ba6817047c0c8ae5c6a25598665609/pandas-2.3.2-cp313-cp313t-manylinux_2_17_x86_64.manylinux2014_x86_64.whl", hash = "sha256:b37205ad6f00d52f16b6d09f406434ba928c1a1966e2771006a9033c736d30d2", size = 11883216 },
    { url = "https://files.pythonhosted.org/packages/10/86/692050c119696da19e20245bbd650d8dfca6ceb577da027c3a73c62a047e/pandas-2.3.2-cp313-cp313t-musllinux_1_2_aarch64.whl", hash = "sha256:837248b4fc3a9b83b9c6214699a13f069dc13510a6a6d7f9ba33145d2841a012", size = 12699743 },
    { url = "https://files.pythonhosted.org/packages/cd/d7/612123674d7b17cf345aad0a10289b2a384bff404e0463a83c4a3a59d205/pandas-2.3.2-cp313-cp313t-musllinux_1_2_x86_64.whl", hash = "sha256:d2c3554bd31b731cd6490d94a28f3abb8dd770634a9e06eb6d2911b9827db370", size = 13186141 },
]

[[package]]
name = "polars"
version = "1.32.3"
source = { registry = "https://pypi.org/simple" }
sdist = { url = "https://files.pythonhosted.org/packages/aa/f2/1a76a8bd902bc4942e435a480f362c8687bba60d438ff3283191e38568fa/polars-1.32.3.tar.gz", hash = "sha256:57c500dc1b5cba49b0589034478db031815f3d57a20cb830b05ecee1a9ba56b1", size = 4838448 }
wheels = [
    { url = "https://files.pythonhosted.org/packages/4c/9b/5937ab9f8fa49c8e00617aeb817a5ffa5740434d5bb8a90f2afa657875aa/polars-1.32.3-cp39-abi3-macosx_10_12_x86_64.whl", hash = "sha256:c7c472ea1d50a5104079cb64e34f78f85774bcc69b875ba8daf21233f4c70d42", size = 37935794 },
    { url = "https://files.pythonhosted.org/packages/6e/e9/88f5332001b9dd5c8e0a4fab51015f740e01715a081c41bc0f7ad2bf76a5/polars-1.32.3-cp39-abi3-macosx_11_0_arm64.whl", hash = "sha256:fd87275f0cc795e72a2030b58293198cfa748d4b009cf52218e27db5397ed07f", size = 34621102 },
    { url = "https://files.pythonhosted.org/packages/ab/8a/6f56af7e535c34c95decc8654786bfce4632ba32817dc2f8bad18571ef9a/polars-1.32.3-cp39-abi3-manylinux_2_17_x86_64.manylinux2014_x86_64.whl", hash = "sha256:c9a9b9668ef310e5a77a7e7daa9c753874779c8da52e93f654bfd7953eb4b60b", size = 38443071 },
    { url = "https://files.pythonhosted.org/packages/46/aa/63536ea5780edc0ef6850679dc81d519f3966c7bb11a5cf10ccecb541095/polars-1.32.3-cp39-abi3-manylinux_2_24_aarch64.whl", hash = "sha256:c8f5d2f43b80b68e39bfaa2948ce632563633466576f12e74e8560d6481f5851", size = 35639598 },
    { url = "https://files.pythonhosted.org/packages/d7/c8/226953cda6cf9ae63aa9714d396a9138029e31db3c504c15d6711b618f8f/polars-1.32.3-cp39-abi3-win_amd64.whl", hash = "sha256:db56a7cb4898e173d62634e182f74bdff744c62be5470e0fe20df8d10f659af7", size = 38038192 },
    { url = "https://files.pythonhosted.org/packages/ec/99/6b93c854e602927a778eabd7550204f700cc4e6c07be73372371583dda3e/polars-1.32.3-cp39-abi3-win_arm64.whl", hash = "sha256:a2e3f87c60f54eefe67b1bebd3105918d84df0fd6d59cc6b870c2f16d2d26ca1", size = 34198919 },
]

[[package]]
name = "pymlb-statsapi"
version = "1.4.3"
source = { registry = "https://pypi.org/simple" }
dependencies = [
    { name = "requests" },
]
sdist = { url = "https://files.pythonhosted.org/packages/ea/91/93da724ae254394eb84c9403dec38a6673f978b567eae29d78a7d36e66a0/pymlb_statsapi-1.4.3.tar.gz", hash = "sha256:64b20f49b61dda9a930613d9249d4c901d6f07ad4bd18deba4df5cefe8fc9063", size = 1311598 }
wheels = [
    { url = "https://files.pythonhosted.org/packages/5d/d6/f2f204079a168f9bb3119b45ea529153cf8ce734abf7ce96da8d1b3a2e6e/pymlb_statsapi-1.4.3-py3-none-any.whl", hash = "sha256:e52ecc263f8be01c0d5bde1cd7177e350917c635ec192a9b0f60c2b2c8bdd607", size = 141484 },
]

[[package]]
name = "python-dateutil"
version = "2.9.0.post0"
source = { registry = "https://pypi.org/simple" }
dependencies = [
    { name = "six" },
]
sdist = { url = "https://files.pythonhosted.org/packages/66/c0/0c8b6ad9f17a802ee498c46e004a0eb49bc148f2fd230864601a86dcf6db/python-dateutil-2.9.0.post0.tar.gz", hash = "sha256:37dd54208da7e1cd875388217d5e00ebd4179249f90fb72437e91a35459a0ad3", size = 342432 }
wheels = [
    { url = "https://files.pythonhosted.org/packages/ec/57/56b9bcc3c9c6a792fcbaf139543cee77261f3651ca9da0c93f5c1221264b/python_dateutil-2.9.0.post0-py2.py3-none-any.whl", hash = "sha256:a8b2bc7bffae282281c8140a97d3aa9c14da0b136dfe83f850eea9a5f7470427", size = 229892 },
]

[[package]]
name = "pytz"
version = "2025.2"
source = { registry = "https://pypi.org/simple" }
sdist = { url = "https://files.pythonhosted.org/packages/f8/bf/abbd3cdfb8fbc7fb3d4d38d320f2441b1e7cbe29be4f23797b4a2b5d8aac/pytz-2025.2.tar.gz", hash = "sha256:360b9e3dbb49a209c21ad61809c7fb453643e048b38924c765813546746e81c3", size = 320884 }
wheels = [
    { url = "https://files.pythonhosted.org/packages/81/c4/34e93fe5f5429d7570ec1fa436f1986fb1f00c3e0f43a589fe2bbcd22c3f/pytz-2025.2-py2.py3-none-any.whl", hash = "sha256:5ddf76296dd8c44c26eb8f4b6f35488f3ccbf6fbbd7adee0b7262d43f0ec2f00", size = 509225 },
]

[[package]]
name = "requests"
version = "2.34.2"
source = { registry = "https://pypi.org/simple" }
dependencies = [
    { name = "certifi" },
    { name = "charset-normalizer" },
    { name = "idna" },
    { name = "urllib3" },
]
sdist = { url = "https://files.pythonhosted.org/packages/ac/c3/e2a2b89f2d3e2179abd6d00ebd70bff6273f37fb3e0cc209f48b39d00cbf/requests-2.34.2.tar.gz", hash = "sha256:f288924cae4e29463698d6d60bc6a4da69c89185ad1e0bcc4104f584e960b9ed", size = 142856 }
wheels = [
    { url = "https://files.pythonhosted.org/packages/a0/f4/c67b0b3f1b9245e8d266f0f112c500d50e5b4e83cb6f3b71b6528104182a/requests-2.34.2-py3-none-any.whl", hash = "sha256:2a0d60c172f83ac6ab31e4554906c0f3b3588d37b5cb939b1c061f4907e278e0", size = 73075 },
]

[[package]]
name = "six"
version = "1.17.0"
source = { registry = "https://pypi.org/simple" }
sdist = { url = "https://files.pythonhosted.org/packages/94/e7/b2c673351809dca68a0e064b6af791aa332cf192da575fd474ed7d6f16a2/six-1.17.0.tar.gz", hash = "sha256:ff70335d468e7eb6ec65b95b99d3a2836546063f63acc5171de367e834932a81", size = 34031 }
wheels = [
    { url = "https://files.pythonhosted.org/packages/b7/ce/149a00dd41f10bc29e5921b496af8b574d8413afcd5e30dfa0ed46c2cc5e/six-1.17.0-py2.py3-none-any.whl", hash = "sha256:4721f391ed90541fddacab5acf947aa0d3dc7d27b2e1e8eda2be8970586c3274", size = 11050 },
]

[[package]]
name = "tzdata"
version = "2025.2"
source = { registry = "https://pypi.org/simple" }
sdist = { url = "https://files.pythonhosted.org/packages/95/32/1a225d6164441be760d75c2c42e2780dc0873fe382da3e98a2e1e48361e5/tzdata-2025.2.tar.gz", hash = "sha256:b60a638fcc0daffadf82fe0f57e53d06bdec2f36c4df66280ae79bce6bd6f2b9", size = 196380 }
wheels = [
    { url = "https://files.pythonhosted.org/packages/5c/23/c7abc0ca0a1526a0774eca151daeb8de62ec457e77262b66b359c3c7679e/tzdata-2025.2-py2.py3-none-any.whl", hash = "sha256:1a403fada01ff9221ca8044d701868fa132215d84beb92242d9acd2147f667a8", size = 347839 },
]

[[package]]
name = "urllib3"
version = "2.7.0"
source = { registry = "https://pypi.org/simple" }
sdist = { url = "https://files.pythonhosted.org/packages/53/0c/06f8b233b8fd13b9e5ee11424ef85419ba0d8ba0b3138bf360be2ff56953/urllib3-2.7.0.tar.gz", hash = "sha256:231e0ec3b63ceb14667c67be60f2f2c40a518cb38b03af60abc813da26505f4c", size = 433602 }
wheels = [
    { url = "https://files.pythonhosted.org/packages/7f/3e/5db95bcf282c52709639744ca2a8b149baccf648e39c8cc87553df9eae0c/urllib3-2.7.0-py3-none-any.whl", hash = "sha256:9fb4c81ebbb1ce9531cce37674bbc6f1360472bc18ca9a553ede278ef7276897", size = 131087 },
]
